<?xml version="1.0" encoding="utf-8"?>
<Project ToolsVersion="4.0" xmlns="http://schemas.microsoft.com/developer/msbuild/2003">
  <ItemGroup>
    <ClCompile Include="a_pch.cpp">
      <Filter>mh_library_gtest</Filter>
    </ClCompile>
    <ClCompile Include="test.cpp">
      <Filter>mh_library_gtest</Filter>
    </ClCompile>
    <ClCompile Include="gt_mhl_debug_stacktrace_stacktrace_info.cpp">
      <Filter>mh_library_gtest</Filter>
    </ClCompile>
    <ClCompile Include="gt_mhl_debug_stacktrace_get_stacktrace_win.cpp">
      <Filter>mh_library_gtest</Filter>
    </ClCompile>
    <ClCompile Include="gt_mhl_bit_bit_control_uint32.cpp">
      <Filter>mh_library_gtest</Filter>
    </ClCompile>
    <ClCompile Include="gt_mhl_output_console_output_consoles.cpp">
      <Filter>mh_library_gtest</Filter>
    </ClCompile>
    <ClCompile Include="gt_mhl_rand_mt_rand.cpp">
      <Filter>mh_library_gtest</Filter>
    </ClCompile>
    <ClCompile Include="gt_mhl_debug_assert_assert_dummy.cpp">
      <Filter>mh_library_gtest</Filter>
    </ClCompile>
  </ItemGroup>
  <ItemGroup>
    <Filter Include="mh_library_gtest">
      <UniqueIdentifier>{c0dc81b3-7837-44be-8be3-8fb763feaed5}</UniqueIdentifier>
    </Filter>
  </ItemGroup>
  <ItemGroup>
    <None Include="packages.config">
      <Filter>mh_library_gtest</Filter>
    </None>
  </ItemGroup>
  <ItemGroup>
    <ClInclude Include="a_pch.h">
      <Filter>mh_library_gtest</Filter>
    </ClInclude>
  </ItemGroup>
</Project>