<?xml version="1.0" encoding="utf-8"?>
<Project ToolsVersion="4.0" xmlns="http://schemas.microsoft.com/developer/msbuild/2003">
  <ItemGroup>
    <Filter Include="ソース ファイル">
      <UniqueIdentifier>{4FC737F1-C7A5-4376-A066-2A32D752A2FF}</UniqueIdentifier>
      <Extensions>cpp;c;cc;cxx;c++;def;odl;idl;hpj;bat;asm;asmx</Extensions>
    </Filter>
    <Filter Include="ヘッダー ファイル">
      <UniqueIdentifier>{93995380-89BD-4b04-88EB-625FBE52EBFB}</UniqueIdentifier>
      <Extensions>h;hh;hpp;hxx;h++;hm;inl;inc;ipp;xsd</Extensions>
    </Filter>
    <Filter Include="リソース ファイル">
      <UniqueIdentifier>{67DA6AB6-F800-4c08-8B7A-83BB121AAD01}</UniqueIdentifier>
      <Extensions>rc;ico;cur;bmp;dlg;rc2;rct;bin;rgs;gif;jpg;jpeg;jpe;resx;tiff;tif;png;wav;mfcribbon-ms</Extensions>
    </Filter>
    <Filter Include="ソース ファイル\test">
      <UniqueIdentifier>{7fe1f537-37d0-4a9e-a9eb-3bc64dd3d9d0}</UniqueIdentifier>
    </Filter>
    <Filter Include="ソース ファイル\mhl">
      <UniqueIdentifier>{8e468bc4-e621-4c5f-bc35-5b408db5a3bc}</UniqueIdentifier>
    </Filter>
    <Filter Include="ソース ファイル\mhl\util">
      <UniqueIdentifier>{1a35acb6-56cb-42f7-983f-d6eedd3fe8bb}</UniqueIdentifier>
    </Filter>
    <Filter Include="ソース ファイル\mhl\util\output">
      <UniqueIdentifier>{77c7115f-5b34-4d8b-9528-c7bba844c596}</UniqueIdentifier>
    </Filter>
    <Filter Include="ソース ファイル\mhl\util\template">
      <UniqueIdentifier>{1ccf713f-32c1-452b-bbce-c4a990a93cba}</UniqueIdentifier>
    </Filter>
    <Filter Include="ソース ファイル\mhl\util\string">
      <UniqueIdentifier>{25220865-6293-4a9c-94ad-2357e31b5942}</UniqueIdentifier>
    </Filter>
    <Filter Include="ソース ファイル\mhl\test">
      <UniqueIdentifier>{3b4606ca-4150-4994-a268-d340cf0729ce}</UniqueIdentifier>
    </Filter>
    <Filter Include="ソース ファイル\mhl\exception">
      <UniqueIdentifier>{b8c57225-53eb-4ab8-be3e-9562c2e9b4b4}</UniqueIdentifier>
    </Filter>
  </ItemGroup>
  <ItemGroup>
    <ClInclude Include="mhl\exception\ArgumentException.hpp">
      <Filter>ソース ファイル\mhl\exception</Filter>
    </ClInclude>
    <ClInclude Include="mhl\exception\UnitTestException.hpp">
      <Filter>ソース ファイル\mhl\exception</Filter>
    </ClInclude>
    <ClInclude Include="mhl\test\UnitTestBase.hpp">
      <Filter>ソース ファイル\mhl\test</Filter>
    </ClInclude>
    <ClInclude Include="mhl\test\UnitTestExecuteList.hpp">
      <Filter>ソース ファイル\mhl\test</Filter>
    </ClInclude>
    <ClInclude Include="mhl\util\output\IOutputConsole.hpp">
      <Filter>ソース ファイル\mhl\util\output</Filter>
    </ClInclude>
    <ClInclude Include="mhl\util\output\OutputConsole.hpp">
      <Filter>ソース ファイル\mhl\util\output</Filter>
    </ClInclude>
    <ClInclude Include="mhl\util\string\StdStringFormatter.hpp">
      <Filter>ソース ファイル\mhl\util\string</Filter>
    </ClInclude>
    <ClInclude Include="mhl\util\template\IExecuteMethod.hpp">
      <Filter>ソース ファイル\mhl\util\template</Filter>
    </ClInclude>
    <ClInclude Include="test\TestExecuteMethod.hpp">
      <Filter>ソース ファイル\test</Filter>
    </ClInclude>
    <ClInclude Include="mhl\util\template\IObservable.hpp">
      <Filter>ソース ファイル\mhl\util\template</Filter>
    </ClInclude>
    <ClInclude Include="mhl\util\template\Subject.hpp">
      <Filter>ソース ファイル\mhl\util\template</Filter>
    </ClInclude>
    <ClInclude Include="test\TestSubject.hpp">
      <Filter>ソース ファイル\test</Filter>
    </ClInclude>
    <ClInclude Include="test\TestCppNewFunctionTest.hpp">
      <Filter>ソース ファイル\test</Filter>
    </ClInclude>
    <ClInclude Include="test\TestInstanceOfTest.hpp">
      <Filter>ソース ファイル\test</Filter>
    </ClInclude>
  </ItemGroup>
  <ItemGroup>
    <ClCompile Include="mhl\exception\ArgumentException.cpp">
      <Filter>ソース ファイル\mhl\exception</Filter>
    </ClCompile>
    <ClCompile Include="mhl\exception\UnitTestException.cpp">
      <Filter>ソース ファイル\mhl\exception</Filter>
    </ClCompile>
    <ClCompile Include="mhl\test\UnitTestExecuteList.cpp">
      <Filter>ソース ファイル\mhl\test</Filter>
    </ClCompile>
    <ClCompile Include="mhl\util\output\OutputConsole.cpp">
      <Filter>ソース ファイル\mhl\util\output</Filter>
    </ClCompile>
    <ClCompile Include="mh_library.cpp">
      <Filter>ソース ファイル</Filter>
    </ClCompile>
    <ClCompile Include="test\TestExecuteMethod.cpp">
      <Filter>ソース ファイル\test</Filter>
    </ClCompile>
    <ClCompile Include="test\TestSubject.cpp">
      <Filter>ソース ファイル\test</Filter>
    </ClCompile>
    <ClCompile Include="test\TestCppNewFunctionTest.cpp">
      <Filter>ソース ファイル\test</Filter>
    </ClCompile>
    <ClCompile Include="test\TestInstanceOfTest.cpp">
      <Filter>ソース ファイル\test</Filter>
    </ClCompile>
  </ItemGroup>
</Project>