<?xml version="1.0" encoding="utf-8"?>
<Project ToolsVersion="4.0" xmlns="http://schemas.microsoft.com/developer/msbuild/2003">
  <ItemGroup>
    <Filter Include="ソース ファイル">
      <UniqueIdentifier>{4FC737F1-C7A5-4376-A066-2A32D752A2FF}</UniqueIdentifier>
      <Extensions>cpp;c;cc;cxx;c++;def;odl;idl;hpj;bat;asm;asmx</Extensions>
    </Filter>
    <Filter Include="ヘッダー ファイル">
      <UniqueIdentifier>{93995380-89BD-4b04-88EB-625FBE52EBFB}</UniqueIdentifier>
      <Extensions>h;hh;hpp;hxx;h++;hm;inl;inc;ipp;xsd</Extensions>
    </Filter>
    <Filter Include="リソース ファイル">
      <UniqueIdentifier>{67DA6AB6-F800-4c08-8B7A-83BB121AAD01}</UniqueIdentifier>
      <Extensions>rc;ico;cur;bmp;dlg;rc2;rct;bin;rgs;gif;jpg;jpeg;jpe;resx;tiff;tif;png;wav;mfcribbon-ms</Extensions>
    </Filter>
    <Filter Include="ソース ファイル\mhl">
      <UniqueIdentifier>{8e468bc4-e621-4c5f-bc35-5b408db5a3bc}</UniqueIdentifier>
    </Filter>
    <Filter Include="ソース ファイル\mhl\test">
      <UniqueIdentifier>{3b4606ca-4150-4994-a268-d340cf0729ce}</UniqueIdentifier>
    </Filter>
    <Filter Include="ソース ファイル\mhl\exception">
      <UniqueIdentifier>{b8c57225-53eb-4ab8-be3e-9562c2e9b4b4}</UniqueIdentifier>
    </Filter>
    <Filter Include="ソース ファイル\mhl\test_code">
      <UniqueIdentifier>{15046ffb-d1fc-47f1-a451-b49f35313880}</UniqueIdentifier>
    </Filter>
    <Filter Include="ソース ファイル\mhl\scene">
      <UniqueIdentifier>{c73fd3d9-4aa7-479b-94cf-9b115bdccbae}</UniqueIdentifier>
    </Filter>
    <Filter Include="ソース ファイル\mhl\bit">
      <UniqueIdentifier>{cd299c82-5da1-4aa9-96f3-c5ef3af20ef9}</UniqueIdentifier>
    </Filter>
    <Filter Include="ソース ファイル\mhl\test_code\bit">
      <UniqueIdentifier>{39624075-7e9a-4221-8741-98f281e97c97}</UniqueIdentifier>
    </Filter>
    <Filter Include="ソース ファイル\mhl\test_program">
      <UniqueIdentifier>{34aecdb9-6313-463e-92d3-4a0361e47f0b}</UniqueIdentifier>
    </Filter>
    <Filter Include="ソース ファイル\mhl\data">
      <UniqueIdentifier>{870327e0-5d9d-4325-a05a-7bbd9fa26f60}</UniqueIdentifier>
    </Filter>
    <Filter Include="ソース ファイル\mhl\test_code\data">
      <UniqueIdentifier>{402aac18-bb1c-4375-ac6d-acc6eaee0b4b}</UniqueIdentifier>
    </Filter>
    <Filter Include="ソース ファイル\mhl\test_program\route_search">
      <UniqueIdentifier>{e490adbe-a671-44d9-9c89-61f2c4165597}</UniqueIdentifier>
    </Filter>
    <Filter Include="ソース ファイル\mhl\output">
      <UniqueIdentifier>{c6a9c1bd-a321-49a2-a11a-6137ec841de5}</UniqueIdentifier>
    </Filter>
    <Filter Include="ソース ファイル\mhl\output\console">
      <UniqueIdentifier>{d6de1722-178e-46c2-8776-7665402c3fa3}</UniqueIdentifier>
    </Filter>
    <Filter Include="ソース ファイル\mhl\debug">
      <UniqueIdentifier>{f31ad16c-346d-4305-934b-c4e146b167c3}</UniqueIdentifier>
    </Filter>
    <Filter Include="ソース ファイル\mhl\debug\stacktrace">
      <UniqueIdentifier>{5f32733f-5c59-43d4-a286-e385b63c26af}</UniqueIdentifier>
    </Filter>
    <Filter Include="ソース ファイル\mhl\system">
      <UniqueIdentifier>{60c1167a-7c7d-4575-a9fe-28e89b82425b}</UniqueIdentifier>
    </Filter>
    <Filter Include="ソース ファイル\mhl\system\rand">
      <UniqueIdentifier>{46222974-627c-48e6-a326-e3c1b501440b}</UniqueIdentifier>
    </Filter>
    <Filter Include="ソース ファイル\mhl\string">
      <UniqueIdentifier>{816125d8-e076-4a64-800d-77dbd9b3c3d0}</UniqueIdentifier>
    </Filter>
    <Filter Include="ソース ファイル\mhl\string\format">
      <UniqueIdentifier>{4ab53908-1922-4c93-967e-7758d416fa06}</UniqueIdentifier>
    </Filter>
    <Filter Include="ソース ファイル\mhl\system\template">
      <UniqueIdentifier>{523badcc-4544-4d72-bba0-86421284929c}</UniqueIdentifier>
    </Filter>
    <Filter Include="ソース ファイル\mhl\debug\assert">
      <UniqueIdentifier>{794fff47-a65c-4cd5-9a0f-a89549aeff70}</UniqueIdentifier>
    </Filter>
    <Filter Include="ソース ファイル\mhl\system\singleton">
      <UniqueIdentifier>{5f41b4a2-2232-41fa-99a7-4d86cc7b8d00}</UniqueIdentifier>
    </Filter>
    <Filter Include="ソース ファイル\mhl\system\service_locator">
      <UniqueIdentifier>{2f2899a8-b6c9-4801-a6a0-68d58c13975f}</UniqueIdentifier>
    </Filter>
  </ItemGroup>
  <ItemGroup>
    <ClInclude Include="mhl\exception\argument_exception.hpp">
      <Filter>ソース ファイル\mhl\exception</Filter>
    </ClInclude>
    <ClInclude Include="mhl\exception\unittest_exception.hpp">
      <Filter>ソース ファイル\mhl\exception</Filter>
    </ClInclude>
    <ClInclude Include="mhl\scene\scene_stack.hpp">
      <Filter>ソース ファイル\mhl\scene</Filter>
    </ClInclude>
    <ClInclude Include="mhl\test\unittest_base.hpp">
      <Filter>ソース ファイル\mhl\test</Filter>
    </ClInclude>
    <ClInclude Include="mhl\test\unittest_execute_list.hpp">
      <Filter>ソース ファイル\mhl\test</Filter>
    </ClInclude>
    <ClInclude Include="mhl\test_code\test_execute_method.hpp">
      <Filter>ソース ファイル\mhl\test_code</Filter>
    </ClInclude>
    <ClInclude Include="mhl\test_code\test_mhl.hpp">
      <Filter>ソース ファイル\mhl\test_code</Filter>
    </ClInclude>
    <ClInclude Include="mhl\test_code\test_scene_stack.hpp">
      <Filter>ソース ファイル\mhl\test_code</Filter>
    </ClInclude>
    <ClInclude Include="mhl\test_code\test_subject.hpp">
      <Filter>ソース ファイル\mhl\test_code</Filter>
    </ClInclude>
    <ClInclude Include="mhl\bit\bit_control_uint32.hpp">
      <Filter>ソース ファイル\mhl\bit</Filter>
    </ClInclude>
    <ClInclude Include="mhl\test_code\bit\test_bit_control_uint32.hpp">
      <Filter>ソース ファイル\mhl\test_code\bit</Filter>
    </ClInclude>
    <ClInclude Include="mhl\test_program\test_binarytree_test.hpp">
      <Filter>ソース ファイル\mhl\test_program</Filter>
    </ClInclude>
    <ClInclude Include="mhl\test_program\test_callback_test.hpp">
      <Filter>ソース ファイル\mhl\test_program</Filter>
    </ClInclude>
    <ClInclude Include="mhl\test_program\test_cpp_new_function_test.hpp">
      <Filter>ソース ファイル\mhl\test_program</Filter>
    </ClInclude>
    <ClInclude Include="mhl\test_program\test_instance_of_test.hpp">
      <Filter>ソース ファイル\mhl\test_program</Filter>
    </ClInclude>
    <ClInclude Include="mhl\test_program\test_multithread_test.hpp">
      <Filter>ソース ファイル\mhl\test_program</Filter>
    </ClInclude>
    <ClInclude Include="mhl\test_program\test_mhl_test_program.hpp">
      <Filter>ソース ファイル\mhl\test_program</Filter>
    </ClInclude>
    <ClInclude Include="mhl\test_program\test_vector_test.hpp">
      <Filter>ソース ファイル\mhl\test_program</Filter>
    </ClInclude>
    <ClInclude Include="mhl\test_program\test_delegate_test.hpp">
      <Filter>ソース ファイル\mhl\test_program</Filter>
    </ClInclude>
    <ClInclude Include="mhl\test_program\test_move_test.hpp">
      <Filter>ソース ファイル\mhl\test_program</Filter>
    </ClInclude>
    <ClInclude Include="mhl\data\data_collection.hpp">
      <Filter>ソース ファイル\mhl\data</Filter>
    </ClInclude>
    <ClInclude Include="mhl\test_code\data\test_data_collection.hpp">
      <Filter>ソース ファイル\mhl\test_code\data</Filter>
    </ClInclude>
    <ClInclude Include="mhl\test_program\test_fermat_test.hpp">
      <Filter>ソース ファイル\mhl\test_program</Filter>
    </ClInclude>
    <ClInclude Include="mhl\test_program\route_search\test_route_search_test.hpp">
      <Filter>ソース ファイル\mhl\test_program\route_search</Filter>
    </ClInclude>
    <ClInclude Include="mhl\test_program\route_search\field_type.hpp">
      <Filter>ソース ファイル\mhl\test_program\route_search</Filter>
    </ClInclude>
    <ClInclude Include="mhl\test_program\route_search\field_position.hpp">
      <Filter>ソース ファイル\mhl\test_program\route_search</Filter>
    </ClInclude>
    <ClInclude Include="mhl\test_program\route_search\field_info.hpp">
      <Filter>ソース ファイル\mhl\test_program\route_search</Filter>
    </ClInclude>
    <ClInclude Include="mhl\test_program\route_search\field.hpp">
      <Filter>ソース ファイル\mhl\test_program\route_search</Filter>
    </ClInclude>
    <ClInclude Include="mhl\test_program\route_search\ifield_block_settable.hpp">
      <Filter>ソース ファイル\mhl\test_program\route_search</Filter>
    </ClInclude>
    <ClInclude Include="mhl\test_program\route_search\set_field_block_always.hpp">
      <Filter>ソース ファイル\mhl\test_program\route_search</Filter>
    </ClInclude>
    <ClInclude Include="mhl\output\console\dummy_output_console.hpp">
      <Filter>ソース ファイル\mhl\output\console</Filter>
    </ClInclude>
    <ClInclude Include="mhl\output\console\output_console.hpp">
      <Filter>ソース ファイル\mhl\output\console</Filter>
    </ClInclude>
    <ClInclude Include="mhl\debug\stacktrace\stacktrace_info.hpp">
      <Filter>ソース ファイル\mhl\debug\stacktrace</Filter>
    </ClInclude>
    <ClInclude Include="mhl\debug\stacktrace\get_stacktrace_win.hpp">
      <Filter>ソース ファイル\mhl\debug\stacktrace</Filter>
    </ClInclude>
    <ClInclude Include="mhl\debug\stacktrace\istacktraceable.hpp">
      <Filter>ソース ファイル\mhl\debug\stacktrace</Filter>
    </ClInclude>
    <ClInclude Include="mhl\test_program\test_stacktrace_test.hpp">
      <Filter>ソース ファイル\mhl\test_program</Filter>
    </ClInclude>
    <ClInclude Include="mhl\output\console\output_console_vs_sjis.hpp">
      <Filter>ソース ファイル\mhl\output\console</Filter>
    </ClInclude>
    <ClInclude Include="mhl\output\console\iconsole_outputable.hpp">
      <Filter>ソース ファイル\mhl\output\console</Filter>
    </ClInclude>
    <ClInclude Include="mhl\output\console\iconsole_outputables.hpp">
      <Filter>ソース ファイル\mhl\output\console</Filter>
    </ClInclude>
    <ClInclude Include="mhl\output\console\output_consoles.hpp">
      <Filter>ソース ファイル\mhl\output\console</Filter>
    </ClInclude>
    <ClInclude Include="mhl\test_program\test_output_consoles_test.hpp">
      <Filter>ソース ファイル\mhl\test_program</Filter>
    </ClInclude>
    <ClInclude Include="mhl\test_program\test_component_test.hpp">
      <Filter>ソース ファイル\mhl\test_program</Filter>
    </ClInclude>
    <ClInclude Include="mhl\test_program\test_mt_rand_test.hpp">
      <Filter>ソース ファイル\mhl\test_program</Filter>
    </ClInclude>
    <ClInclude Include="mhl\system\rand\mt_rand.hpp">
      <Filter>ソース ファイル\mhl\system\rand</Filter>
    </ClInclude>
    <ClInclude Include="mhl\system\rand\irand_getable.hpp">
      <Filter>ソース ファイル\mhl\system\rand</Filter>
    </ClInclude>
    <ClInclude Include="mhl\string\format\formatter.hpp">
      <Filter>ソース ファイル\mhl\string\format</Filter>
    </ClInclude>
    <ClInclude Include="mhl\system\template\iexecute_method.hpp">
      <Filter>ソース ファイル\mhl\system\template</Filter>
    </ClInclude>
    <ClInclude Include="mhl\system\template\iobservable.hpp">
      <Filter>ソース ファイル\mhl\system\template</Filter>
    </ClInclude>
    <ClInclude Include="mhl\system\template\subject.hpp">
      <Filter>ソース ファイル\mhl\system\template</Filter>
    </ClInclude>
    <ClInclude Include="mhl\debug\assert\iassert_processor.hpp">
      <Filter>ソース ファイル\mhl\debug\assert</Filter>
    </ClInclude>
    <ClInclude Include="mhl\debug\assert\assert_process.hpp">
      <Filter>ソース ファイル\mhl\debug\assert</Filter>
    </ClInclude>
    <ClInclude Include="mhl\scene\isceneable.hpp">
      <Filter>ソース ファイル\mhl\scene</Filter>
    </ClInclude>
    <ClInclude Include="mhl\debug\assert\iassert_checker.hpp">
      <Filter>ソース ファイル\mhl\debug\assert</Filter>
    </ClInclude>
    <ClInclude Include="mhl\debug\assert\assert_checker.hpp">
      <Filter>ソース ファイル\mhl\debug\assert</Filter>
    </ClInclude>
    <ClInclude Include="mhl\test_program\test_debug_assert_test.hpp">
      <Filter>ソース ファイル\mhl\test_program</Filter>
    </ClInclude>
    <ClInclude Include="mhl\debug\assert\assert_dummy.hpp">
      <Filter>ソース ファイル\mhl\debug\assert</Filter>
    </ClInclude>
    <ClInclude Include="mhl\debug\assert\mhl_assertion.hpp">
      <Filter>ソース ファイル\mhl\debug\assert</Filter>
    </ClInclude>
    <ClInclude Include="mhl\debug\assert\mhl_assert.hpp">
      <Filter>ソース ファイル\mhl\debug\assert</Filter>
    </ClInclude>
    <ClInclude Include="mhl\system\singleton\singleton_cleanup.hpp">
      <Filter>ソース ファイル\mhl\system\singleton</Filter>
    </ClInclude>
    <ClInclude Include="mhl\test_program\test_singleton_test.hpp">
      <Filter>ソース ファイル\mhl\test_program</Filter>
    </ClInclude>
    <ClInclude Include="mhl\system\singleton\mh_singleton.hpp">
      <Filter>ソース ファイル\mhl\system\singleton</Filter>
    </ClInclude>
    <ClInclude Include="mhl\system\service_locator\service_locator.hpp">
      <Filter>ソース ファイル\mhl\system\service_locator</Filter>
    </ClInclude>
  </ItemGroup>
  <ItemGroup>
    <ClCompile Include="mh_library.cpp">
      <Filter>ソース ファイル</Filter>
    </ClCompile>
    <ClCompile Include="mhl\exception\argument_exception.cpp">
      <Filter>ソース ファイル\mhl\exception</Filter>
    </ClCompile>
    <ClCompile Include="mhl\exception\unittest_exception.cpp">
      <Filter>ソース ファイル\mhl\exception</Filter>
    </ClCompile>
    <ClCompile Include="mhl\scene\scene_stack.cpp">
      <Filter>ソース ファイル\mhl\scene</Filter>
    </ClCompile>
    <ClCompile Include="mhl\test\unittest_execute_list.cpp">
      <Filter>ソース ファイル\mhl\test</Filter>
    </ClCompile>
    <ClCompile Include="mhl\test_code\test_execute_method.cpp">
      <Filter>ソース ファイル\mhl\test_code</Filter>
    </ClCompile>
    <ClCompile Include="mhl\test_code\test_mhl.cpp">
      <Filter>ソース ファイル\mhl\test_code</Filter>
    </ClCompile>
    <ClCompile Include="mhl\test_code\test_scene_stack.cpp">
      <Filter>ソース ファイル\mhl\test_code</Filter>
    </ClCompile>
    <ClCompile Include="mhl\test_code\test_subject.cpp">
      <Filter>ソース ファイル\mhl\test_code</Filter>
    </ClCompile>
    <ClCompile Include="mhl\bit\bit_control_uint32.cpp">
      <Filter>ソース ファイル\mhl\bit</Filter>
    </ClCompile>
    <ClCompile Include="mhl\test_code\bit\test_bit_control_uint32.cpp">
      <Filter>ソース ファイル\mhl\test_code\bit</Filter>
    </ClCompile>
    <ClCompile Include="mhl\test_program\test_binarytree_test.cpp">
      <Filter>ソース ファイル\mhl\test_program</Filter>
    </ClCompile>
    <ClCompile Include="mhl\test_program\test_callback_test.cpp">
      <Filter>ソース ファイル\mhl\test_program</Filter>
    </ClCompile>
    <ClCompile Include="mhl\test_program\test_cpp_new_function_test.cpp">
      <Filter>ソース ファイル\mhl\test_program</Filter>
    </ClCompile>
    <ClCompile Include="mhl\test_program\test_instance_of_test.cpp">
      <Filter>ソース ファイル\mhl\test_program</Filter>
    </ClCompile>
    <ClCompile Include="mhl\test_program\test_multithread_test.cpp">
      <Filter>ソース ファイル\mhl\test_program</Filter>
    </ClCompile>
    <ClCompile Include="mhl\test_program\test_mhl_test_program.cpp">
      <Filter>ソース ファイル\mhl\test_program</Filter>
    </ClCompile>
    <ClCompile Include="mhl\test_program\test_vector_test.cpp">
      <Filter>ソース ファイル\mhl\test_program</Filter>
    </ClCompile>
    <ClCompile Include="mhl\test_program\test_delegate_test.cpp">
      <Filter>ソース ファイル\mhl\test_program</Filter>
    </ClCompile>
    <ClCompile Include="mhl\test_program\test_move_test.cpp">
      <Filter>ソース ファイル\mhl\test_program</Filter>
    </ClCompile>
    <ClCompile Include="mhl\test_code\data\test_data_collection.cpp">
      <Filter>ソース ファイル\mhl\test_code\data</Filter>
    </ClCompile>
    <ClCompile Include="mhl\test_program\test_fermat_test.cpp">
      <Filter>ソース ファイル\mhl\test_program</Filter>
    </ClCompile>
    <ClCompile Include="mhl\test_program\route_search\test_route_search_test.cpp">
      <Filter>ソース ファイル\mhl\test_program\route_search</Filter>
    </ClCompile>
    <ClCompile Include="mhl\test_program\route_search\field_type.cpp">
      <Filter>ソース ファイル\mhl\test_program\route_search</Filter>
    </ClCompile>
    <ClCompile Include="mhl\test_program\route_search\field_position.cpp">
      <Filter>ソース ファイル\mhl\test_program\route_search</Filter>
    </ClCompile>
    <ClCompile Include="mhl\test_program\route_search\field_info.cpp">
      <Filter>ソース ファイル\mhl\test_program\route_search</Filter>
    </ClCompile>
    <ClCompile Include="mhl\test_program\route_search\field.cpp">
      <Filter>ソース ファイル\mhl\test_program\route_search</Filter>
    </ClCompile>
    <ClCompile Include="mhl\test_program\route_search\set_field_block_always.cpp">
      <Filter>ソース ファイル\mhl\test_program\route_search</Filter>
    </ClCompile>
    <ClCompile Include="mhl\output\console\dummy_output_console.cpp">
      <Filter>ソース ファイル\mhl\output\console</Filter>
    </ClCompile>
    <ClCompile Include="mhl\output\console\output_console.cpp">
      <Filter>ソース ファイル\mhl\output\console</Filter>
    </ClCompile>
    <ClCompile Include="mhl\debug\stacktrace\stacktrace_info.cpp">
      <Filter>ソース ファイル\mhl\debug\stacktrace</Filter>
    </ClCompile>
    <ClCompile Include="mhl\debug\stacktrace\get_stacktrace_win.cpp">
      <Filter>ソース ファイル\mhl\debug\stacktrace</Filter>
    </ClCompile>
    <ClCompile Include="mhl\test_program\test_stacktrace_test.cpp">
      <Filter>ソース ファイル\mhl\test_program</Filter>
    </ClCompile>
    <ClCompile Include="mhl\output\console\output_console_vs_sjis.cpp">
      <Filter>ソース ファイル\mhl\output\console</Filter>
    </ClCompile>
    <ClCompile Include="mhl\output\console\output_consoles.cpp">
      <Filter>ソース ファイル\mhl\output\console</Filter>
    </ClCompile>
    <ClCompile Include="mhl\test_program\test_output_consoles_test.cpp">
      <Filter>ソース ファイル\mhl\test_program</Filter>
    </ClCompile>
    <ClCompile Include="mhl\test_program\test_component_test.cpp">
      <Filter>ソース ファイル\mhl\test_program</Filter>
    </ClCompile>
    <ClCompile Include="mhl\test_program\test_mt_rand_test.cpp">
      <Filter>ソース ファイル\mhl\test_program</Filter>
    </ClCompile>
    <ClCompile Include="mhl\system\rand\mt_rand.cpp">
      <Filter>ソース ファイル\mhl\system\rand</Filter>
    </ClCompile>
    <ClCompile Include="mhl\test_program\test_debug_assert_test.cpp">
      <Filter>ソース ファイル\mhl\test_program</Filter>
    </ClCompile>
    <ClCompile Include="mhl\debug\assert\mhl_assertion.cpp">
      <Filter>ソース ファイル\mhl\debug\assert</Filter>
    </ClCompile>
    <ClCompile Include="mhl\debug\assert\mhl_assert.cpp">
      <Filter>ソース ファイル\mhl\debug\assert</Filter>
    </ClCompile>
    <ClCompile Include="mhl\system\singleton\singleton_cleanup.cpp">
      <Filter>ソース ファイル\mhl\system\singleton</Filter>
    </ClCompile>
    <ClCompile Include="mhl\test_program\test_singleton_test.cpp">
      <Filter>ソース ファイル\mhl\test_program</Filter>
    </ClCompile>
  </ItemGroup>
</Project>