<?xml version="1.0" encoding="utf-8"?>
<Project ToolsVersion="4.0" xmlns="http://schemas.microsoft.com/developer/msbuild/2003">
  <ItemGroup>
    <Filter Include="ソース ファイル">
      <UniqueIdentifier>{4FC737F1-C7A5-4376-A066-2A32D752A2FF}</UniqueIdentifier>
      <Extensions>cpp;c;cc;cxx;c++;def;odl;idl;hpj;bat;asm;asmx</Extensions>
    </Filter>
    <Filter Include="ヘッダー ファイル">
      <UniqueIdentifier>{93995380-89BD-4b04-88EB-625FBE52EBFB}</UniqueIdentifier>
      <Extensions>h;hh;hpp;hxx;h++;hm;inl;inc;ipp;xsd</Extensions>
    </Filter>
    <Filter Include="リソース ファイル">
      <UniqueIdentifier>{67DA6AB6-F800-4c08-8B7A-83BB121AAD01}</UniqueIdentifier>
      <Extensions>rc;ico;cur;bmp;dlg;rc2;rct;bin;rgs;gif;jpg;jpeg;jpe;resx;tiff;tif;png;wav;mfcribbon-ms</Extensions>
    </Filter>
    <Filter Include="ソース ファイル\mhl">
      <UniqueIdentifier>{8e468bc4-e621-4c5f-bc35-5b408db5a3bc}</UniqueIdentifier>
    </Filter>
    <Filter Include="ソース ファイル\mhl\util">
      <UniqueIdentifier>{1a35acb6-56cb-42f7-983f-d6eedd3fe8bb}</UniqueIdentifier>
    </Filter>
    <Filter Include="ソース ファイル\mhl\util\output">
      <UniqueIdentifier>{77c7115f-5b34-4d8b-9528-c7bba844c596}</UniqueIdentifier>
    </Filter>
    <Filter Include="ソース ファイル\mhl\util\template">
      <UniqueIdentifier>{1ccf713f-32c1-452b-bbce-c4a990a93cba}</UniqueIdentifier>
    </Filter>
    <Filter Include="ソース ファイル\mhl\util\string">
      <UniqueIdentifier>{25220865-6293-4a9c-94ad-2357e31b5942}</UniqueIdentifier>
    </Filter>
    <Filter Include="ソース ファイル\mhl\test">
      <UniqueIdentifier>{3b4606ca-4150-4994-a268-d340cf0729ce}</UniqueIdentifier>
    </Filter>
    <Filter Include="ソース ファイル\mhl\exception">
      <UniqueIdentifier>{b8c57225-53eb-4ab8-be3e-9562c2e9b4b4}</UniqueIdentifier>
    </Filter>
    <Filter Include="ソース ファイル\mhl\test_code">
      <UniqueIdentifier>{15046ffb-d1fc-47f1-a451-b49f35313880}</UniqueIdentifier>
    </Filter>
    <Filter Include="ソース ファイル\mhl\scene">
      <UniqueIdentifier>{c73fd3d9-4aa7-479b-94cf-9b115bdccbae}</UniqueIdentifier>
    </Filter>
    <Filter Include="ソース ファイル\mhl\bit">
      <UniqueIdentifier>{cd299c82-5da1-4aa9-96f3-c5ef3af20ef9}</UniqueIdentifier>
    </Filter>
    <Filter Include="ソース ファイル\mhl\test_code\bit">
      <UniqueIdentifier>{39624075-7e9a-4221-8741-98f281e97c97}</UniqueIdentifier>
    </Filter>
  </ItemGroup>
  <ItemGroup>
    <ClInclude Include="mhl\exception\argument_exception.hpp">
      <Filter>ソース ファイル\mhl\exception</Filter>
    </ClInclude>
    <ClInclude Include="mhl\exception\unittest_exception.hpp">
      <Filter>ソース ファイル\mhl\exception</Filter>
    </ClInclude>
    <ClInclude Include="mhl\scene\isceneable.hpp">
      <Filter>ソース ファイル\mhl\scene</Filter>
    </ClInclude>
    <ClInclude Include="mhl\scene\scene_stack.hpp">
      <Filter>ソース ファイル\mhl\scene</Filter>
    </ClInclude>
    <ClInclude Include="mhl\test\unittest_base.hpp">
      <Filter>ソース ファイル\mhl\test</Filter>
    </ClInclude>
    <ClInclude Include="mhl\test\unittest_execute_list.hpp">
      <Filter>ソース ファイル\mhl\test</Filter>
    </ClInclude>
    <ClInclude Include="mhl\test_code\test_cpp_new_function_test.hpp">
      <Filter>ソース ファイル\mhl\test_code</Filter>
    </ClInclude>
    <ClInclude Include="mhl\test_code\test_execute_method.hpp">
      <Filter>ソース ファイル\mhl\test_code</Filter>
    </ClInclude>
    <ClInclude Include="mhl\test_code\test_instance_of_test.hpp">
      <Filter>ソース ファイル\mhl\test_code</Filter>
    </ClInclude>
    <ClInclude Include="mhl\test_code\test_mhl.hpp">
      <Filter>ソース ファイル\mhl\test_code</Filter>
    </ClInclude>
    <ClInclude Include="mhl\test_code\test_scene_stack.hpp">
      <Filter>ソース ファイル\mhl\test_code</Filter>
    </ClInclude>
    <ClInclude Include="mhl\test_code\test_subject.hpp">
      <Filter>ソース ファイル\mhl\test_code</Filter>
    </ClInclude>
    <ClInclude Include="mhl\util\output\dummy_output_console.hpp">
      <Filter>ソース ファイル\mhl\util\output</Filter>
    </ClInclude>
    <ClInclude Include="mhl\util\output\ioutput_console.hpp">
      <Filter>ソース ファイル\mhl\util\output</Filter>
    </ClInclude>
    <ClInclude Include="mhl\util\output\output_console.hpp">
      <Filter>ソース ファイル\mhl\util\output</Filter>
    </ClInclude>
    <ClInclude Include="mhl\util\string\std_string_formatter.hpp">
      <Filter>ソース ファイル\mhl\util\string</Filter>
    </ClInclude>
    <ClInclude Include="mhl\util\template\iexecute_method.hpp">
      <Filter>ソース ファイル\mhl\util\template</Filter>
    </ClInclude>
    <ClInclude Include="mhl\util\template\iobservable.hpp">
      <Filter>ソース ファイル\mhl\util\template</Filter>
    </ClInclude>
    <ClInclude Include="mhl\util\template\subject.hpp">
      <Filter>ソース ファイル\mhl\util\template</Filter>
    </ClInclude>
    <ClInclude Include="mhl\bit\bit_control_uint32.hpp">
      <Filter>ソース ファイル\mhl\bit</Filter>
    </ClInclude>
    <ClInclude Include="mhl\test_code\bit\test_bit_control_uint32.hpp">
      <Filter>ソース ファイル\mhl\test_code\bit</Filter>
    </ClInclude>
    <ClInclude Include="mhl\test_code\test_callback_test.hpp">
      <Filter>ソース ファイル\mhl\test_code</Filter>
    </ClInclude>
  </ItemGroup>
  <ItemGroup>
    <ClCompile Include="mh_library.cpp">
      <Filter>ソース ファイル</Filter>
    </ClCompile>
    <ClCompile Include="mhl\exception\argument_exception.cpp">
      <Filter>ソース ファイル\mhl\exception</Filter>
    </ClCompile>
    <ClCompile Include="mhl\exception\unittest_exception.cpp">
      <Filter>ソース ファイル\mhl\exception</Filter>
    </ClCompile>
    <ClCompile Include="mhl\scene\scene_stack.cpp">
      <Filter>ソース ファイル\mhl\scene</Filter>
    </ClCompile>
    <ClCompile Include="mhl\test\unittest_execute_list.cpp">
      <Filter>ソース ファイル\mhl\test</Filter>
    </ClCompile>
    <ClCompile Include="mhl\test_code\test_cpp_new_function_test.cpp">
      <Filter>ソース ファイル\mhl\test_code</Filter>
    </ClCompile>
    <ClCompile Include="mhl\test_code\test_execute_method.cpp">
      <Filter>ソース ファイル\mhl\test_code</Filter>
    </ClCompile>
    <ClCompile Include="mhl\test_code\test_instance_of_test.cpp">
      <Filter>ソース ファイル\mhl\test_code</Filter>
    </ClCompile>
    <ClCompile Include="mhl\test_code\test_mhl.cpp">
      <Filter>ソース ファイル\mhl\test_code</Filter>
    </ClCompile>
    <ClCompile Include="mhl\test_code\test_scene_stack.cpp">
      <Filter>ソース ファイル\mhl\test_code</Filter>
    </ClCompile>
    <ClCompile Include="mhl\test_code\test_subject.cpp">
      <Filter>ソース ファイル\mhl\test_code</Filter>
    </ClCompile>
    <ClCompile Include="mhl\util\output\dummy_output_console.cpp">
      <Filter>ソース ファイル\mhl\util\output</Filter>
    </ClCompile>
    <ClCompile Include="mhl\util\output\output_console.cpp">
      <Filter>ソース ファイル\mhl\util\output</Filter>
    </ClCompile>
    <ClCompile Include="mhl\bit\bit_control_uint32.cpp">
      <Filter>ソース ファイル\mhl\bit</Filter>
    </ClCompile>
    <ClCompile Include="mhl\test_code\bit\test_bit_control_uint32.cpp">
      <Filter>ソース ファイル\mhl\test_code\bit</Filter>
    </ClCompile>
    <ClCompile Include="mhl\test_code\test_callback_test.cpp">
      <Filter>ソース ファイル\mhl\test_code</Filter>
    </ClCompile>
  </ItemGroup>
</Project>