
Microsoft Visual Studio Solution File, Format Version 12.00
# Visual Studio Version 16
VisualStudioVersion = 16.0.30002.166
MinimumVisualStudioVersion = 10.0.40219.1
Project("{8BC9CEB8-8B4A-11D0-8D11-00A0C91BC942}") = "mh_library", "mh_library\mh_library.vcxproj", "{FAE09A71-E76D-4ECA-997F-B9AE97C3B9E3}"
EndProject
Project("{8BC9CEB8-8B4A-11D0-8D11-00A0C91BC942}") = "mh_library_gtest", "mh_library_gtest\mh_library_gtest.vcxproj", "{0EA20394-48B9-4BC1-8BF8-5F5A24DA0C6D}"
EndProject
Global
	GlobalSection(SolutionConfigurationPlatforms) = preSolution
		Debug|x64 = Debug|x64
		Debug|x86 = Debug|x86
		Release|x64 = Release|x64
		Release|x86 = Release|x86
	EndGlobalSection
	GlobalSection(ProjectConfigurationPlatforms) = postSolution
		{FAE09A71-E76D-4ECA-997F-B9AE97C3B9E3}.Debug|x64.ActiveCfg = Debug|x64
		{FAE09A71-E76D-4ECA-997F-B9AE97C3B9E3}.Debug|x64.Build.0 = Debug|x64
		{FAE09A71-E76D-4ECA-997F-B9AE97C3B9E3}.Debug|x86.ActiveCfg = Debug|Win32
		{FAE09A71-E76D-4ECA-997F-B9AE97C3B9E3}.Debug|x86.Build.0 = Debug|Win32
		{FAE09A71-E76D-4ECA-997F-B9AE97C3B9E3}.Release|x64.ActiveCfg = Release|x64
		{FAE09A71-E76D-4ECA-997F-B9AE97C3B9E3}.Release|x64.Build.0 = Release|x64
		{FAE09A71-E76D-4ECA-997F-B9AE97C3B9E3}.Release|x86.ActiveCfg = Release|Win32
		{FAE09A71-E76D-4ECA-997F-B9AE97C3B9E3}.Release|x86.Build.0 = Release|Win32
		{0EA20394-48B9-4BC1-8BF8-5F5A24DA0C6D}.Debug|x64.ActiveCfg = Debug|x64
		{0EA20394-48B9-4BC1-8BF8-5F5A24DA0C6D}.Debug|x64.Build.0 = Debug|x64
		{0EA20394-48B9-4BC1-8BF8-5F5A24DA0C6D}.Debug|x86.ActiveCfg = Debug|Win32
		{0EA20394-48B9-4BC1-8BF8-5F5A24DA0C6D}.Debug|x86.Build.0 = Debug|Win32
		{0EA20394-48B9-4BC1-8BF8-5F5A24DA0C6D}.Release|x64.ActiveCfg = Release|x64
		{0EA20394-48B9-4BC1-8BF8-5F5A24DA0C6D}.Release|x64.Build.0 = Release|x64
		{0EA20394-48B9-4BC1-8BF8-5F5A24DA0C6D}.Release|x86.ActiveCfg = Release|Win32
		{0EA20394-48B9-4BC1-8BF8-5F5A24DA0C6D}.Release|x86.Build.0 = Release|Win32
	EndGlobalSection
	GlobalSection(SolutionProperties) = preSolution
		HideSolutionNode = FALSE
	EndGlobalSection
	GlobalSection(ExtensibilityGlobals) = postSolution
		SolutionGuid = {1C71485D-1103-43C5-9E69-12903D1096AB}
	EndGlobalSection
EndGlobal
